
Microsoft Visual Studio Solution File, Format Version 12.00
# Visual Studio Version 16
VisualStudioVersion = 16.0.31727.386
MinimumVisualStudioVersion = 10.0.40219.1
Project("{FAE04EC0-301F-11D3-BF4B-00C04F79EFBC}") = "StudentCenter", "StudentCenter\StudentCenter.csproj", "{B7DBB83A-5931-4591-8C72-019E52B0C725}"
EndProject
Global
	GlobalSection(SolutionConfigurationPlatforms) = preSolution
		Debug|Any CPU = Debug|Any CPU
		Release|Any CPU = Release|Any CPU
	EndGlobalSection
	GlobalSection(ProjectConfigurationPlatforms) = postSolution
		{B7DBB83A-5931-4591-8C72-019E52B0C725}.Debug|Any CPU.ActiveCfg = Debug|Any CPU
		{B7DBB83A-5931-4591-8C72-019E52B0C725}.Debug|Any CPU.Build.0 = Debug|Any CPU
		{B7DBB83A-5931-4591-8C72-019E52B0C725}.Release|Any CPU.ActiveCfg = Release|Any CPU
		{B7DBB83A-5931-4591-8C72-019E52B0C725}.Release|Any CPU.Build.0 = Release|Any CPU
	EndGlobalSection
	GlobalSection(SolutionProperties) = preSolution
		HideSolutionNode = FALSE
	EndGlobalSection
	GlobalSection(ExtensibilityGlobals) = postSolution
		SolutionGuid = {479901B5-FCD6-4D34-A7FF-4A48CBEB34BA}
	EndGlobalSection
EndGlobal
